
Microsoft Visual Studio Solution File, Format Version 12.00
# Visual Studio Version 17
VisualStudioVersion = 17.2.32516.85
MinimumVisualStudioVersion = 10.0.40219.1
Project("{FAE04EC0-301F-11D3-BF4B-00C04F79EFBC}") = "EjerciciosTresCapasS4M", "EjerciciosTresCapasS4M\EjerciciosTresCapasS4M.csproj", "{70DA3845-B708-45EA-8D5E-6DFF69F76BEF}"
EndProject
Project("{FAE04EC0-301F-11D3-BF4B-00C04F79EFBC}") = "CapaNegocios", "CapaNegocios\CapaNegocios.csproj", "{7EA6DC14-7AD4-4DC5-8ADD-E90C9706CF8C}"
EndProject
Project("{FAE04EC0-301F-11D3-BF4B-00C04F79EFBC}") = "CapaDatos", "CapaDatos\CapaDatos.csproj", "{589B20B1-808E-4B89-80CB-6A8208EECB49}"
EndProject
Global
	GlobalSection(SolutionConfigurationPlatforms) = preSolution
		Debug|Any CPU = Debug|Any CPU
		Release|Any CPU = Release|Any CPU
	EndGlobalSection
	GlobalSection(ProjectConfigurationPlatforms) = postSolution
		{70DA3845-B708-45EA-8D5E-6DFF69F76BEF}.Debug|Any CPU.ActiveCfg = Debug|Any CPU
		{70DA3845-B708-45EA-8D5E-6DFF69F76BEF}.Debug|Any CPU.Build.0 = Debug|Any CPU
		{70DA3845-B708-45EA-8D5E-6DFF69F76BEF}.Release|Any CPU.ActiveCfg = Release|Any CPU
		{70DA3845-B708-45EA-8D5E-6DFF69F76BEF}.Release|Any CPU.Build.0 = Release|Any CPU
		{7EA6DC14-7AD4-4DC5-8ADD-E90C9706CF8C}.Debug|Any CPU.ActiveCfg = Debug|Any CPU
		{7EA6DC14-7AD4-4DC5-8ADD-E90C9706CF8C}.Debug|Any CPU.Build.0 = Debug|Any CPU
		{7EA6DC14-7AD4-4DC5-8ADD-E90C9706CF8C}.Release|Any CPU.ActiveCfg = Release|Any CPU
		{7EA6DC14-7AD4-4DC5-8ADD-E90C9706CF8C}.Release|Any CPU.Build.0 = Release|Any CPU
		{589B20B1-808E-4B89-80CB-6A8208EECB49}.Debug|Any CPU.ActiveCfg = Debug|Any CPU
		{589B20B1-808E-4B89-80CB-6A8208EECB49}.Debug|Any CPU.Build.0 = Debug|Any CPU
		{589B20B1-808E-4B89-80CB-6A8208EECB49}.Release|Any CPU.ActiveCfg = Release|Any CPU
		{589B20B1-808E-4B89-80CB-6A8208EECB49}.Release|Any CPU.Build.0 = Release|Any CPU
	EndGlobalSection
	GlobalSection(SolutionProperties) = preSolution
		HideSolutionNode = FALSE
	EndGlobalSection
	GlobalSection(ExtensibilityGlobals) = postSolution
		SolutionGuid = {73B7F0A8-AC5D-4742-A8E9-D5E49FCA025B}
	EndGlobalSection
EndGlobal
